<?xml version="1.0" encoding="utf-8"?>
<Project ToolsVersion="4.0" xmlns="http://schemas.microsoft.com/developer/msbuild/2003">
  <ItemGroup>
    <Filter Include="Source Files">
      <UniqueIdentifier>{4FC737F1-C7A5-4376-A066-2A32D752A2FF}</UniqueIdentifier>
      <Extensions>cpp;c;cc;cxx;def;odl;idl;hpj;bat;asm;asmx</Extensions>
    </Filter>
    <Filter Include="Header Files">
      <UniqueIdentifier>{93995380-89BD-4b04-88EB-625FBE52EBFB}</UniqueIdentifier>
      <Extensions>h;hh;hpp;hxx;hm;inl;inc;xsd</Extensions>
    </Filter>
    <Filter Include="Resource Files">
      <UniqueIdentifier>{67DA6AB6-F800-4c08-8B7A-83BB121AAD01}</UniqueIdentifier>
      <Extensions>rc;ico;cur;bmp;dlg;rc2;rct;bin;rgs;gif;jpg;jpeg;jpe;resx;tiff;tif;png;wav;mfcribbon-ms</Extensions>
    </Filter>
  </ItemGroup>
  <ItemGroup>
    <Text Include="ReadMe.txt" />
  </ItemGroup>
  <ItemGroup>
    <ClInclude Include="stdafx.h">
      <Filter>Header Files</Filter>
    </ClInclude>
    <ClInclude Include="targetver.h">
      <Filter>Header Files</Filter>
    </ClInclude>
    <ClInclude Include="AddOne.h">
      <Filter>Header Files</Filter>
    </ClInclude>
    <ClInclude Include="Combinations.h">
      <Filter>Header Files</Filter>
    </ClInclude>
    <ClInclude Include="CombinationSum.h">
      <Filter>Header Files</Filter>
    </ClInclude>
    <ClInclude Include="CombinationSum3.h">
      <Filter>Header Files</Filter>
    </ClInclude>
    <ClInclude Include="GasStation.h">
      <Filter>Header Files</Filter>
    </ClInclude>
    <ClInclude Include="KthSmallestElementInBST.h">
      <Filter>Header Files</Filter>
    </ClInclude>
    <ClInclude Include="LetterCombinationsofaPhoneNumber.h">
      <Filter>Header Files</Filter>
    </ClInclude>
    <ClInclude Include="minPath.h">
      <Filter>Header Files</Filter>
    </ClInclude>
    <ClInclude Include="MinSubArrayLength.h">
      <Filter>Header Files</Filter>
    </ClInclude>
    <ClInclude Include="MyAToI.h">
      <Filter>Header Files</Filter>
    </ClInclude>
    <ClInclude Include="PalindromeLinkedList.h">
      <Filter>Header Files</Filter>
    </ClInclude>
    <ClInclude Include="PalindromePartition.h">
      <Filter>Header Files</Filter>
    </ClInclude>
    <ClInclude Include="PalindromePartitioning.h">
      <Filter>Header Files</Filter>
    </ClInclude>
    <ClInclude Include="ValidParentheses.h">
      <Filter>Header Files</Filter>
    </ClInclude>
    <ClInclude Include="strStr.h">
      <Filter>Header Files</Filter>
    </ClInclude>
    <ClInclude Include="SearchRotated.h">
      <Filter>Header Files</Filter>
    </ClInclude>
    <ClInclude Include="BestTimeBuySellStock.h">
      <Filter>Header Files</Filter>
    </ClInclude>
    <ClInclude Include="CommonPrefix.h">
      <Filter>Header Files</Filter>
    </ClInclude>
    <ClInclude Include="MNmatrixSearch.h">
      <Filter>Header Files</Filter>
    </ClInclude>
    <ClInclude Include="Removedepulicate.h">
      <Filter>Header Files</Filter>
    </ClInclude>
    <ClInclude Include="PathSum.h">
      <Filter>Header Files</Filter>
    </ClInclude>
    <ClInclude Include="SingleOne.h">
      <Filter>Header Files</Filter>
    </ClInclude>
    <ClInclude Include="PatitionList.h">
      <Filter>Header Files</Filter>
    </ClInclude>
    <ClInclude Include="BiggesrNumber.h">
      <Filter>Header Files</Filter>
    </ClInclude>
    <ClInclude Include="treeLevelOrder.h">
      <Filter>Header Files</Filter>
    </ClInclude>
    <ClInclude Include="PreOrderTree.h">
      <Filter>Header Files</Filter>
    </ClInclude>
    <ClInclude Include="DigitOnes.h">
      <Filter>Header Files</Filter>
    </ClInclude>
    <ClInclude Include="BinaryTreeLevelorder.h">
      <Filter>Header Files</Filter>
    </ClInclude>
    <ClInclude Include="DivideTwoIntegers.h">
      <Filter>Header Files</Filter>
    </ClInclude>
    <ClInclude Include="ReverseLinkList.h">
      <Filter>Header Files</Filter>
    </ClInclude>
    <ClInclude Include="DistanceBetweenTwoString.h">
      <Filter>Header Files</Filter>
    </ClInclude>
    <ClInclude Include="SpiralMatrix.h">
      <Filter>Header Files</Filter>
    </ClInclude>
    <ClInclude Include="permute.h">
      <Filter>Header Files</Filter>
    </ClInclude>
    <ClInclude Include="IsomorphicStrings.h">
      <Filter>Header Files</Filter>
    </ClInclude>
    <ClInclude Include="RomanToInteger.h">
      <Filter>Header Files</Filter>
    </ClInclude>
    <ClInclude Include="WorldBreak.h">
      <Filter>Header Files</Filter>
    </ClInclude>
    <ClInclude Include="ZigZagString.h">
      <Filter>Header Files</Filter>
    </ClInclude>
    <ClInclude Include="MaxPath.h">
      <Filter>Header Files</Filter>
    </ClInclude>
    <ClInclude Include="Parentheses.h">
      <Filter>Header Files</Filter>
    </ClInclude>
    <ClInclude Include="Calculate.h">
      <Filter>Header Files</Filter>
    </ClInclude>
    <ClInclude Include="CourseSchedule.h">
      <Filter>Header Files</Filter>
    </ClInclude>
  </ItemGroup>
  <ItemGroup>
    <ClCompile Include="stdafx.cpp">
      <Filter>Source Files</Filter>
    </ClCompile>
    <ClCompile Include="LeetCode.cpp">
      <Filter>Source Files</Filter>
    </ClCompile>
    <ClCompile Include="AddOne.cpp">
      <Filter>Source Files</Filter>
    </ClCompile>
    <ClCompile Include="Combinations.cpp">
      <Filter>Source Files</Filter>
    </ClCompile>
    <ClCompile Include="CombinationSum.cpp">
      <Filter>Source Files</Filter>
    </ClCompile>
    <ClCompile Include="CombinationSum3.cpp">
      <Filter>Source Files</Filter>
    </ClCompile>
    <ClCompile Include="GasStation.cpp">
      <Filter>Source Files</Filter>
    </ClCompile>
    <ClCompile Include="KthSmallestElementInBST.cpp">
      <Filter>Source Files</Filter>
    </ClCompile>
    <ClCompile Include="LetterCombinationsofaPhoneNumber.cpp">
      <Filter>Source Files</Filter>
    </ClCompile>
    <ClCompile Include="minPath.cpp">
      <Filter>Source Files</Filter>
    </ClCompile>
    <ClCompile Include="MinSubArrayLength.cpp">
      <Filter>Source Files</Filter>
    </ClCompile>
    <ClCompile Include="MyAToI.cpp">
      <Filter>Source Files</Filter>
    </ClCompile>
    <ClCompile Include="PalindromeLinkedList.cpp">
      <Filter>Source Files</Filter>
    </ClCompile>
    <ClCompile Include="PalindromePartition.cpp">
      <Filter>Source Files</Filter>
    </ClCompile>
    <ClCompile Include="PalindromePartitioning.cpp">
      <Filter>Source Files</Filter>
    </ClCompile>
    <ClCompile Include="ValidParentheses.cpp">
      <Filter>Source Files</Filter>
    </ClCompile>
    <ClCompile Include="strStr.cpp">
      <Filter>Source Files</Filter>
    </ClCompile>
    <ClCompile Include="SearchRotated.cpp">
      <Filter>Source Files</Filter>
    </ClCompile>
    <ClCompile Include="BestTimeBuySellStock.cpp">
      <Filter>Source Files</Filter>
    </ClCompile>
    <ClCompile Include="CommonPrefix.cpp">
      <Filter>Source Files</Filter>
    </ClCompile>
    <ClCompile Include="MNmatrixSearch.cpp">
      <Filter>Source Files</Filter>
    </ClCompile>
    <ClCompile Include="Removedepulicate.cpp">
      <Filter>Source Files</Filter>
    </ClCompile>
    <ClCompile Include="PathSum.cpp">
      <Filter>Source Files</Filter>
    </ClCompile>
    <ClCompile Include="SingleOne.cpp">
      <Filter>Source Files</Filter>
    </ClCompile>
    <ClCompile Include="PatitionList.cpp">
      <Filter>Source Files</Filter>
    </ClCompile>
    <ClCompile Include="BiggesrNumber.cpp">
      <Filter>Source Files</Filter>
    </ClCompile>
    <ClCompile Include="treeLevelOrder.cpp">
      <Filter>Source Files</Filter>
    </ClCompile>
    <ClCompile Include="PreOrderTree.cpp">
      <Filter>Source Files</Filter>
    </ClCompile>
    <ClCompile Include="DigitOnes.cpp">
      <Filter>Source Files</Filter>
    </ClCompile>
    <ClCompile Include="BinaryTreeLevelorder.cpp">
      <Filter>Source Files</Filter>
    </ClCompile>
    <ClCompile Include="DivideTwoIntegers.cpp">
      <Filter>Source Files</Filter>
    </ClCompile>
    <ClCompile Include="ReverseLinkList.cpp">
      <Filter>Source Files</Filter>
    </ClCompile>
    <ClCompile Include="DistanceBetweenTwoString.cpp">
      <Filter>Source Files</Filter>
    </ClCompile>
    <ClCompile Include="SpiralMatrix.cpp">
      <Filter>Source Files</Filter>
    </ClCompile>
    <ClCompile Include="permute.cpp">
      <Filter>Source Files</Filter>
    </ClCompile>
    <ClCompile Include="IsomorphicStrings.cpp">
      <Filter>Source Files</Filter>
    </ClCompile>
    <ClCompile Include="RomanToInteger.cpp">
      <Filter>Source Files</Filter>
    </ClCompile>
    <ClCompile Include="WorldBreak.cpp">
      <Filter>Source Files</Filter>
    </ClCompile>
    <ClCompile Include="ZigZagString.cpp">
      <Filter>Source Files</Filter>
    </ClCompile>
    <ClCompile Include="MaxPath.cpp">
      <Filter>Source Files</Filter>
    </ClCompile>
    <ClCompile Include="Parentheses.cpp">
      <Filter>Source Files</Filter>
    </ClCompile>
    <ClCompile Include="Calculate.cpp">
      <Filter>Source Files</Filter>
    </ClCompile>
    <ClCompile Include="CourseSchedule.cpp">
      <Filter>Source Files</Filter>
    </ClCompile>
  </ItemGroup>
</Project>